// !$*UTF8*$!
{
	archiveVersion = 1;
	classes = {
	};
	objectVersion = 56;
	objects = {

/* Begin PBXBuildFile section */
		A72F2063299CDC5B0075DFB2 /* AppDelegate.swift in Sources */ = {isa = PBXBuildFile; fileRef = A72F2062299CDC5B0075DFB2 /* AppDelegate.swift */; };
		A72F2065299CDC5B0075DFB2 /* SceneDelegate.swift in Sources */ = {isa = PBXBuildFile; fileRef = A72F2064299CDC5B0075DFB2 /* SceneDelegate.swift */; };
		A72F2067299CDC5B0075DFB2 /* MainTabBarViewController.swift in Sources */ = {isa = PBXBuildFile; fileRef = A72F2066299CDC5B0075DFB2 /* MainTabBarViewController.swift */; };
		A72F206D299CDC5B0075DFB2 /* Netflix.xcdatamodeld in Sources */ = {isa = PBXBuildFile; fileRef = A72F206B299CDC5B0075DFB2 /* Netflix.xcdatamodeld */; };
		A72F206F299CDC5B0075DFB2 /* Assets.xcassets in Resources */ = {isa = PBXBuildFile; fileRef = A72F206E299CDC5B0075DFB2 /* Assets.xcassets */; };
		A72F2072299CDC5B0075DFB2 /* LaunchScreen.storyboard in Resources */ = {isa = PBXBuildFile; fileRef = A72F2070299CDC5B0075DFB2 /* LaunchScreen.storyboard */; };
		A72F207D299CDC5B0075DFB2 /* NetflixTests.swift in Sources */ = {isa = PBXBuildFile; fileRef = A72F207C299CDC5B0075DFB2 /* NetflixTests.swift */; };
		A72F2087299CDC5B0075DFB2 /* NetflixUITests.swift in Sources */ = {isa = PBXBuildFile; fileRef = A72F2086299CDC5B0075DFB2 /* NetflixUITests.swift */; };
		A72F2089299CDC5B0075DFB2 /* NetflixUITestsLaunchTests.swift in Sources */ = {isa = PBXBuildFile; fileRef = A72F2088299CDC5B0075DFB2 /* NetflixUITestsLaunchTests.swift */; };
		A72F2097299CDEC60075DFB2 /* HomeViewController.swift in Sources */ = {isa = PBXBuildFile; fileRef = A72F2096299CDEC60075DFB2 /* HomeViewController.swift */; };
		A72F2099299CDF020075DFB2 /* UpcomingViewController.swift in Sources */ = {isa = PBXBuildFile; fileRef = A72F2098299CDF020075DFB2 /* UpcomingViewController.swift */; };
		A72F209B299CDF210075DFB2 /* SearchViewController.swift in Sources */ = {isa = PBXBuildFile; fileRef = A72F209A299CDF210075DFB2 /* SearchViewController.swift */; };
		A72F209D299CDF4A0075DFB2 /* DownloadsViewController.swift in Sources */ = {isa = PBXBuildFile; fileRef = A72F209C299CDF4A0075DFB2 /* DownloadsViewController.swift */; };
		A72F20A3299CE6FB0075DFB2 /* CollectionViewTableViewCell.swift in Sources */ = {isa = PBXBuildFile; fileRef = A72F20A2299CE6FB0075DFB2 /* CollectionViewTableViewCell.swift */; };
		A72F20A5299F84980075DFB2 /* HeaderUIView.swift in Sources */ = {isa = PBXBuildFile; fileRef = A72F20A4299F84980075DFB2 /* HeaderUIView.swift */; };
		A7EA3B4429A2348900C8C38A /* APICaller.swift in Sources */ = {isa = PBXBuildFile; fileRef = A7EA3B4329A2348900C8C38A /* APICaller.swift */; };
		A7EA3B4829A355CC00C8C38A /* Extensions.swift in Sources */ = {isa = PBXBuildFile; fileRef = A7EA3B4729A355CC00C8C38A /* Extensions.swift */; };
		A7EA3B4A29A359D900C8C38A /* Title.swift in Sources */ = {isa = PBXBuildFile; fileRef = A7EA3B4929A359D900C8C38A /* Title.swift */; };
		A7EA3B4C29A35ACB00C8C38A /* TitleCollectionViewCell.swift in Sources */ = {isa = PBXBuildFile; fileRef = A7EA3B4B29A35ACB00C8C38A /* TitleCollectionViewCell.swift */; };
		A7EA3B4F29A35C1B00C8C38A /* SDWebImage in Frameworks */ = {isa = PBXBuildFile; productRef = A7EA3B4E29A35C1B00C8C38A /* SDWebImage */; };
		A7EA3B5129A35C1B00C8C38A /* SDWebImageMapKit in Frameworks */ = {isa = PBXBuildFile; productRef = A7EA3B5029A35C1B00C8C38A /* SDWebImageMapKit */; };
		A7EA3B5329A3EAEB00C8C38A /* TitleTableViewCell.swift in Sources */ = {isa = PBXBuildFile; fileRef = A7EA3B5229A3EAEB00C8C38A /* TitleTableViewCell.swift */; };
		A7EA3B5529A3EDF700C8C38A /* TitleViewModel.swift in Sources */ = {isa = PBXBuildFile; fileRef = A7EA3B5429A3EDF700C8C38A /* TitleViewModel.swift */; };
		A7EA3B5729A494D900C8C38A /* SearchResultsViewController.swift in Sources */ = {isa = PBXBuildFile; fileRef = A7EA3B5629A494D900C8C38A /* SearchResultsViewController.swift */; };
		A7EA3B5B29A7336800C8C38A /* YoutubeSearchResponse.swift in Sources */ = {isa = PBXBuildFile; fileRef = A7EA3B5A29A7336700C8C38A /* YoutubeSearchResponse.swift */; };
		A7EA3B5D29A74DD700C8C38A /* PreviewViewController.swift in Sources */ = {isa = PBXBuildFile; fileRef = A7EA3B5C29A74DD700C8C38A /* PreviewViewController.swift */; };
		A7EA3B5F29A750D100C8C38A /* PreviewViewModel.swift in Sources */ = {isa = PBXBuildFile; fileRef = A7EA3B5E29A750D100C8C38A /* PreviewViewModel.swift */; };
		A7EA3BA529ACD1A700C8C38A /* DataPersistenceManager.swift in Sources */ = {isa = PBXBuildFile; fileRef = A7EA3BA429ACD1A700C8C38A /* DataPersistenceManager.swift */; };
/* End PBXBuildFile section */

/* Begin PBXContainerItemProxy section */
		A72F2079299CDC5B0075DFB2 /* PBXContainerItemProxy */ = {
			isa = PBXContainerItemProxy;
			containerPortal = A72F2057299CDC5B0075DFB2 /* Project object */;
			proxyType = 1;
			remoteGlobalIDString = A72F205E299CDC5B0075DFB2;
			remoteInfo = Netflix;
		};
		A72F2083299CDC5B0075DFB2 /* PBXContainerItemProxy */ = {
			isa = PBXContainerItemProxy;
			containerPortal = A72F2057299CDC5B0075DFB2 /* Project object */;
			proxyType = 1;
			remoteGlobalIDString = A72F205E299CDC5B0075DFB2;
			remoteInfo = Netflix;
		};
/* End PBXContainerItemProxy section */

/* Begin PBXFileReference section */
		A72F205F299CDC5B0075DFB2 /* Netflix.app */ = {isa = PBXFileReference; explicitFileType = wrapper.application; includeInIndex = 0; path = Netflix.app; sourceTree = BUILT_PRODUCTS_DIR; };
		A72F2062299CDC5B0075DFB2 /* AppDelegate.swift */ = {isa = PBXFileReference; lastKnownFileType = sourcecode.swift; path = AppDelegate.swift; sourceTree = "<group>"; };
		A72F2064299CDC5B0075DFB2 /* SceneDelegate.swift */ = {isa = PBXFileReference; lastKnownFileType = sourcecode.swift; path = SceneDelegate.swift; sourceTree = "<group>"; };
		A72F2066299CDC5B0075DFB2 /* MainTabBarViewController.swift */ = {isa = PBXFileReference; lastKnownFileType = sourcecode.swift; path = MainTabBarViewController.swift; sourceTree = "<group>"; };
		A72F206C299CDC5B0075DFB2 /* Netflix.xcdatamodel */ = {isa = PBXFileReference; lastKnownFileType = wrapper.xcdatamodel; path = Netflix.xcdatamodel; sourceTree = "<group>"; };
		A72F206E299CDC5B0075DFB2 /* Assets.xcassets */ = {isa = PBXFileReference; lastKnownFileType = folder.assetcatalog; path = Assets.xcassets; sourceTree = "<group>"; };
		A72F2071299CDC5B0075DFB2 /* Base */ = {isa = PBXFileReference; lastKnownFileType = file.storyboard; name = Base; path = Base.lproj/LaunchScreen.storyboard; sourceTree = "<group>"; };
		A72F2073299CDC5B0075DFB2 /* Info.plist */ = {isa = PBXFileReference; lastKnownFileType = text.plist.xml; path = Info.plist; sourceTree = "<group>"; };
		A72F2078299CDC5B0075DFB2 /* NetflixTests.xctest */ = {isa = PBXFileReference; explicitFileType = wrapper.cfbundle; includeInIndex = 0; path = NetflixTests.xctest; sourceTree = BUILT_PRODUCTS_DIR; };
		A72F207C299CDC5B0075DFB2 /* NetflixTests.swift */ = {isa = PBXFileReference; lastKnownFileType = sourcecode.swift; path = NetflixTests.swift; sourceTree = "<group>"; };
		A72F2082299CDC5B0075DFB2 /* NetflixUITests.xctest */ = {isa = PBXFileReference; explicitFileType = wrapper.cfbundle; includeInIndex = 0; path = NetflixUITests.xctest; sourceTree = BUILT_PRODUCTS_DIR; };
		A72F2086299CDC5B0075DFB2 /* NetflixUITests.swift */ = {isa = PBXFileReference; lastKnownFileType = sourcecode.swift; path = NetflixUITests.swift; sourceTree = "<group>"; };
		A72F2088299CDC5B0075DFB2 /* NetflixUITestsLaunchTests.swift */ = {isa = PBXFileReference; lastKnownFileType = sourcecode.swift; path = NetflixUITestsLaunchTests.swift; sourceTree = "<group>"; };
		A72F2096299CDEC60075DFB2 /* HomeViewController.swift */ = {isa = PBXFileReference; lastKnownFileType = sourcecode.swift; path = HomeViewController.swift; sourceTree = "<group>"; };
		A72F2098299CDF020075DFB2 /* UpcomingViewController.swift */ = {isa = PBXFileReference; lastKnownFileType = sourcecode.swift; path = UpcomingViewController.swift; sourceTree = "<group>"; };
		A72F209A299CDF210075DFB2 /* SearchViewController.swift */ = {isa = PBXFileReference; lastKnownFileType = sourcecode.swift; path = SearchViewController.swift; sourceTree = "<group>"; };
		A72F209C299CDF4A0075DFB2 /* DownloadsViewController.swift */ = {isa = PBXFileReference; lastKnownFileType = sourcecode.swift; path = DownloadsViewController.swift; sourceTree = "<group>"; };
		A72F20A2299CE6FB0075DFB2 /* CollectionViewTableViewCell.swift */ = {isa = PBXFileReference; lastKnownFileType = sourcecode.swift; path = CollectionViewTableViewCell.swift; sourceTree = "<group>"; };
		A72F20A4299F84980075DFB2 /* HeaderUIView.swift */ = {isa = PBXFileReference; lastKnownFileType = sourcecode.swift; path = HeaderUIView.swift; sourceTree = "<group>"; };
		A7EA3B4329A2348900C8C38A /* APICaller.swift */ = {isa = PBXFileReference; lastKnownFileType = sourcecode.swift; path = APICaller.swift; sourceTree = "<group>"; };
		A7EA3B4729A355CC00C8C38A /* Extensions.swift */ = {isa = PBXFileReference; lastKnownFileType = sourcecode.swift; path = Extensions.swift; sourceTree = "<group>"; };
		A7EA3B4929A359D900C8C38A /* Title.swift */ = {isa = PBXFileReference; lastKnownFileType = sourcecode.swift; path = Title.swift; sourceTree = "<group>"; };
		A7EA3B4B29A35ACB00C8C38A /* TitleCollectionViewCell.swift */ = {isa = PBXFileReference; lastKnownFileType = sourcecode.swift; path = TitleCollectionViewCell.swift; sourceTree = "<group>"; };
		A7EA3B5229A3EAEB00C8C38A /* TitleTableViewCell.swift */ = {isa = PBXFileReference; lastKnownFileType = sourcecode.swift; path = TitleTableViewCell.swift; sourceTree = "<group>"; };
		A7EA3B5429A3EDF700C8C38A /* TitleViewModel.swift */ = {isa = PBXFileReference; lastKnownFileType = sourcecode.swift; path = TitleViewModel.swift; sourceTree = "<group>"; };
		A7EA3B5629A494D900C8C38A /* SearchResultsViewController.swift */ = {isa = PBXFileReference; lastKnownFileType = sourcecode.swift; path = SearchResultsViewController.swift; sourceTree = "<group>"; };
		A7EA3B5A29A7336700C8C38A /* YoutubeSearchResponse.swift */ = {isa = PBXFileReference; lastKnownFileType = sourcecode.swift; path = YoutubeSearchResponse.swift; sourceTree = "<group>"; };
		A7EA3B5C29A74DD700C8C38A /* PreviewViewController.swift */ = {isa = PBXFileReference; lastKnownFileType = sourcecode.swift; path = PreviewViewController.swift; sourceTree = "<group>"; };
		A7EA3B5E29A750D100C8C38A /* PreviewViewModel.swift */ = {isa = PBXFileReference; lastKnownFileType = sourcecode.swift; path = PreviewViewModel.swift; sourceTree = "<group>"; };
		A7EA3BA429ACD1A700C8C38A /* DataPersistenceManager.swift */ = {isa = PBXFileReference; lastKnownFileType = sourcecode.swift; path = DataPersistenceManager.swift; sourceTree = "<group>"; };
/* End PBXFileReference section */

/* Begin PBXFrameworksBuildPhase section */
		A72F205C299CDC5B0075DFB2 /* Frameworks */ = {
			isa = PBXFrameworksBuildPhase;
			buildActionMask = 2147483647;
			files = (
				A7EA3B5129A35C1B00C8C38A /* SDWebImageMapKit in Frameworks */,
				A7EA3B4F29A35C1B00C8C38A /* SDWebImage in Frameworks */,
			);
			runOnlyForDeploymentPostprocessing = 0;
		};
		A72F2075299CDC5B0075DFB2 /* Frameworks */ = {
			isa = PBXFrameworksBuildPhase;
			buildActionMask = 2147483647;
			files = (
			);
			runOnlyForDeploymentPostprocessing = 0;
		};
		A72F207F299CDC5B0075DFB2 /* Frameworks */ = {
			isa = PBXFrameworksBuildPhase;
			buildActionMask = 2147483647;
			files = (
			);
			runOnlyForDeploymentPostprocessing = 0;
		};
/* End PBXFrameworksBuildPhase section */

/* Begin PBXGroup section */
		A72F2056299CDC5B0075DFB2 = {
			isa = PBXGroup;
			children = (
				A72F2061299CDC5B0075DFB2 /* Netflix */,
				A72F207B299CDC5B0075DFB2 /* NetflixTests */,
				A72F2085299CDC5B0075DFB2 /* NetflixUITests */,
				A72F2060299CDC5B0075DFB2 /* Products */,
			);
			sourceTree = "<group>";
		};
		A72F2060299CDC5B0075DFB2 /* Products */ = {
			isa = PBXGroup;
			children = (
				A72F205F299CDC5B0075DFB2 /* Netflix.app */,
				A72F2078299CDC5B0075DFB2 /* NetflixTests.xctest */,
				A72F2082299CDC5B0075DFB2 /* NetflixUITests.xctest */,
			);
			name = Products;
			sourceTree = "<group>";
		};
		A72F2061299CDC5B0075DFB2 /* Netflix */ = {
			isa = PBXGroup;
			children = (
				A7EA3B4229A2345500C8C38A /* Managers */,
				A72F20A1299CE6BF0075DFB2 /* Resources */,
				A72F20A0299CE6A40075DFB2 /* Models */,
				A72F209F299CE69C0075DFB2 /* Views */,
				A72F209E299CE6860075DFB2 /* ViewModels */,
				A72F2095299CDEAC0075DFB2 /* Controllers */,
				A72F2062299CDC5B0075DFB2 /* AppDelegate.swift */,
				A72F2064299CDC5B0075DFB2 /* SceneDelegate.swift */,
				A72F206E299CDC5B0075DFB2 /* Assets.xcassets */,
				A72F2070299CDC5B0075DFB2 /* LaunchScreen.storyboard */,
				A72F2073299CDC5B0075DFB2 /* Info.plist */,
				A72F206B299CDC5B0075DFB2 /* Netflix.xcdatamodeld */,
			);
			path = Netflix;
			sourceTree = "<group>";
		};
		A72F207B299CDC5B0075DFB2 /* NetflixTests */ = {
			isa = PBXGroup;
			children = (
				A72F207C299CDC5B0075DFB2 /* NetflixTests.swift */,
			);
			path = NetflixTests;
			sourceTree = "<group>";
		};
		A72F2085299CDC5B0075DFB2 /* NetflixUITests */ = {
			isa = PBXGroup;
			children = (
				A72F2086299CDC5B0075DFB2 /* NetflixUITests.swift */,
				A72F2088299CDC5B0075DFB2 /* NetflixUITestsLaunchTests.swift */,
			);
			path = NetflixUITests;
			sourceTree = "<group>";
		};
		A72F2095299CDEAC0075DFB2 /* Controllers */ = {
			isa = PBXGroup;
			children = (
				A7EA3B5929A4993F00C8C38A /* Core */,
				A7EA3B5829A4993700C8C38A /* General */,
			);
			path = Controllers;
			sourceTree = "<group>";
		};
		A72F209E299CE6860075DFB2 /* ViewModels */ = {
			isa = PBXGroup;
			children = (
				A7EA3B5429A3EDF700C8C38A /* TitleViewModel.swift */,
				A7EA3B5E29A750D100C8C38A /* PreviewViewModel.swift */,
			);
			path = ViewModels;
			sourceTree = "<group>";
		};
		A72F209F299CE69C0075DFB2 /* Views */ = {
			isa = PBXGroup;
			children = (
				A72F20A2299CE6FB0075DFB2 /* CollectionViewTableViewCell.swift */,
				A72F20A4299F84980075DFB2 /* HeaderUIView.swift */,
				A7EA3B4B29A35ACB00C8C38A /* TitleCollectionViewCell.swift */,
				A7EA3B5229A3EAEB00C8C38A /* TitleTableViewCell.swift */,
			);
			path = Views;
			sourceTree = "<group>";
		};
		A72F20A0299CE6A40075DFB2 /* Models */ = {
			isa = PBXGroup;
			children = (
				A7EA3B4929A359D900C8C38A /* Title.swift */,
				A7EA3B5A29A7336700C8C38A /* YoutubeSearchResponse.swift */,
			);
			path = Models;
			sourceTree = "<group>";
		};
		A72F20A1299CE6BF0075DFB2 /* Resources */ = {
			isa = PBXGroup;
			children = (
				A7EA3B4729A355CC00C8C38A /* Extensions.swift */,
			);
			path = Resources;
			sourceTree = "<group>";
		};
		A7EA3B4229A2345500C8C38A /* Managers */ = {
			isa = PBXGroup;
			children = (
				A7EA3B4329A2348900C8C38A /* APICaller.swift */,
				A7EA3BA429ACD1A700C8C38A /* DataPersistenceManager.swift */,
			);
			path = Managers;
			sourceTree = "<group>";
		};
		A7EA3B5829A4993700C8C38A /* General */ = {
			isa = PBXGroup;
			children = (
				A7EA3B5629A494D900C8C38A /* SearchResultsViewController.swift */,
				A7EA3B5C29A74DD700C8C38A /* PreviewViewController.swift */,
			);
			path = General;
			sourceTree = "<group>";
		};
		A7EA3B5929A4993F00C8C38A /* Core */ = {
			isa = PBXGroup;
			children = (
				A72F2066299CDC5B0075DFB2 /* MainTabBarViewController.swift */,
				A72F2096299CDEC60075DFB2 /* HomeViewController.swift */,
				A72F2098299CDF020075DFB2 /* UpcomingViewController.swift */,
				A72F209C299CDF4A0075DFB2 /* DownloadsViewController.swift */,
				A72F209A299CDF210075DFB2 /* SearchViewController.swift */,
			);
			path = Core;
			sourceTree = "<group>";
		};
/* End PBXGroup section */

/* Begin PBXNativeTarget section */
		A72F205E299CDC5B0075DFB2 /* Netflix */ = {
			isa = PBXNativeTarget;
			buildConfigurationList = A72F208C299CDC5B0075DFB2 /* Build configuration list for PBXNativeTarget "Netflix" */;
			buildPhases = (
				A72F205B299CDC5B0075DFB2 /* Sources */,
				A72F205C299CDC5B0075DFB2 /* Frameworks */,
				A72F205D299CDC5B0075DFB2 /* Resources */,
			);
			buildRules = (
			);
			dependencies = (
			);
			name = Netflix;
			packageProductDependencies = (
				A7EA3B4E29A35C1B00C8C38A /* SDWebImage */,
				A7EA3B5029A35C1B00C8C38A /* SDWebImageMapKit */,
			);
			productName = Netflix;
			productReference = A72F205F299CDC5B0075DFB2 /* Netflix.app */;
			productType = "com.apple.product-type.application";
		};
		A72F2077299CDC5B0075DFB2 /* NetflixTests */ = {
			isa = PBXNativeTarget;
			buildConfigurationList = A72F208F299CDC5B0075DFB2 /* Build configuration list for PBXNativeTarget "NetflixTests" */;
			buildPhases = (
				A72F2074299CDC5B0075DFB2 /* Sources */,
				A72F2075299CDC5B0075DFB2 /* Frameworks */,
				A72F2076299CDC5B0075DFB2 /* Resources */,
			);
			buildRules = (
			);
			dependencies = (
				A72F207A299CDC5B0075DFB2 /* PBXTargetDependency */,
			);
			name = NetflixTests;
			productName = NetflixTests;
			productReference = A72F2078299CDC5B0075DFB2 /* NetflixTests.xctest */;
			productType = "com.apple.product-type.bundle.unit-test";
		};
		A72F2081299CDC5B0075DFB2 /* NetflixUITests */ = {
			isa = PBXNativeTarget;
			buildConfigurationList = A72F2092299CDC5B0075DFB2 /* Build configuration list for PBXNativeTarget "NetflixUITests" */;
			buildPhases = (
				A72F207E299CDC5B0075DFB2 /* Sources */,
				A72F207F299CDC5B0075DFB2 /* Frameworks */,
				A72F2080299CDC5B0075DFB2 /* Resources */,
			);
			buildRules = (
			);
			dependencies = (
				A72F2084299CDC5B0075DFB2 /* PBXTargetDependency */,
			);
			name = NetflixUITests;
			productName = NetflixUITests;
			productReference = A72F2082299CDC5B0075DFB2 /* NetflixUITests.xctest */;
			productType = "com.apple.product-type.bundle.ui-testing";
		};
/* End PBXNativeTarget section */

/* Begin PBXProject section */
		A72F2057299CDC5B0075DFB2 /* Project object */ = {
			isa = PBXProject;
			attributes = {
				BuildIndependentTargetsInParallel = 1;
				LastSwiftUpdateCheck = 1420;
				LastUpgradeCheck = 1420;
				TargetAttributes = {
					A72F205E299CDC5B0075DFB2 = {
						CreatedOnToolsVersion = 14.2;
					};
					A72F2077299CDC5B0075DFB2 = {
						CreatedOnToolsVersion = 14.2;
						TestTargetID = A72F205E299CDC5B0075DFB2;
					};
					A72F2081299CDC5B0075DFB2 = {
						CreatedOnToolsVersion = 14.2;
						TestTargetID = A72F205E299CDC5B0075DFB2;
					};
				};
			};
			buildConfigurationList = A72F205A299CDC5B0075DFB2 /* Build configuration list for PBXProject "Netflix" */;
			compatibilityVersion = "Xcode 14.0";
			developmentRegion = en;
			hasScannedForEncodings = 0;
			knownRegions = (
				en,
				Base,
			);
			mainGroup = A72F2056299CDC5B0075DFB2;
			packageReferences = (
				A7EA3B4D29A35C1B00C8C38A /* XCRemoteSwiftPackageReference "SDWebImage" */,
			);
			productRefGroup = A72F2060299CDC5B0075DFB2 /* Products */;
			projectDirPath = "";
			projectRoot = "";
			targets = (
				A72F205E299CDC5B0075DFB2 /* Netflix */,
				A72F2077299CDC5B0075DFB2 /* NetflixTests */,
				A72F2081299CDC5B0075DFB2 /* NetflixUITests */,
			);
		};
/* End PBXProject section */

/* Begin PBXResourcesBuildPhase section */
		A72F205D299CDC5B0075DFB2 /* Resources */ = {
			isa = PBXResourcesBuildPhase;
			buildActionMask = 2147483647;
			files = (
				A72F2072299CDC5B0075DFB2 /* LaunchScreen.storyboard in Resources */,
				A72F206F299CDC5B0075DFB2 /* Assets.xcassets in Resources */,
			);
			runOnlyForDeploymentPostprocessing = 0;
		};
		A72F2076299CDC5B0075DFB2 /* Resources */ = {
			isa = PBXResourcesBuildPhase;
			buildActionMask = 2147483647;
			files = (
			);
			runOnlyForDeploymentPostprocessing = 0;
		};
		A72F2080299CDC5B0075DFB2 /* Resources */ = {
			isa = PBXResourcesBuildPhase;
			buildActionMask = 2147483647;
			files = (
			);
			runOnlyForDeploymentPostprocessing = 0;
		};
/* End PBXResourcesBuildPhase section */

/* Begin PBXSourcesBuildPhase section */
		A72F205B299CDC5B0075DFB2 /* Sources */ = {
			isa = PBXSourcesBuildPhase;
			buildActionMask = 2147483647;
			files = (
				A72F2099299CDF020075DFB2 /* UpcomingViewController.swift in Sources */,
				A7EA3B5729A494D900C8C38A /* SearchResultsViewController.swift in Sources */,
				A72F209B299CDF210075DFB2 /* SearchViewController.swift in Sources */,
				A7EA3BA529ACD1A700C8C38A /* DataPersistenceManager.swift in Sources */,
				A7EA3B5F29A750D100C8C38A /* PreviewViewModel.swift in Sources */,
				A7EA3B4A29A359D900C8C38A /* Title.swift in Sources */,
				A72F209D299CDF4A0075DFB2 /* DownloadsViewController.swift in Sources */,
				A72F2097299CDEC60075DFB2 /* HomeViewController.swift in Sources */,
				A72F2067299CDC5B0075DFB2 /* MainTabBarViewController.swift in Sources */,
				A72F20A3299CE6FB0075DFB2 /* CollectionViewTableViewCell.swift in Sources */,
				A7EA3B4C29A35ACB00C8C38A /* TitleCollectionViewCell.swift in Sources */,
				A72F2063299CDC5B0075DFB2 /* AppDelegate.swift in Sources */,
				A7EA3B5D29A74DD700C8C38A /* PreviewViewController.swift in Sources */,
				A72F206D299CDC5B0075DFB2 /* Netflix.xcdatamodeld in Sources */,
				A7EA3B5329A3EAEB00C8C38A /* TitleTableViewCell.swift in Sources */,
				A7EA3B5B29A7336800C8C38A /* YoutubeSearchResponse.swift in Sources */,
				A7EA3B4829A355CC00C8C38A /* Extensions.swift in Sources */,
				A7EA3B4429A2348900C8C38A /* APICaller.swift in Sources */,
				A7EA3B5529A3EDF700C8C38A /* TitleViewModel.swift in Sources */,
				A72F2065299CDC5B0075DFB2 /* SceneDelegate.swift in Sources */,
				A72F20A5299F84980075DFB2 /* HeaderUIView.swift in Sources */,
			);
			runOnlyForDeploymentPostprocessing = 0;
		};
		A72F2074299CDC5B0075DFB2 /* Sources */ = {
			isa = PBXSourcesBuildPhase;
			buildActionMask = 2147483647;
			files = (
				A72F207D299CDC5B0075DFB2 /* NetflixTests.swift in Sources */,
			);
			runOnlyForDeploymentPostprocessing = 0;
		};
		A72F207E299CDC5B0075DFB2 /* Sources */ = {
			isa = PBXSourcesBuildPhase;
			buildActionMask = 2147483647;
			files = (
				A72F2087299CDC5B0075DFB2 /* NetflixUITests.swift in Sources */,
				A72F2089299CDC5B0075DFB2 /* NetflixUITestsLaunchTests.swift in Sources */,
			);
			runOnlyForDeploymentPostprocessing = 0;
		};
/* End PBXSourcesBuildPhase section */

/* Begin PBXTargetDependency section */
		A72F207A299CDC5B0075DFB2 /* PBXTargetDependency */ = {
			isa = PBXTargetDependency;
			target = A72F205E299CDC5B0075DFB2 /* Netflix */;
			targetProxy = A72F2079299CDC5B0075DFB2 /* PBXContainerItemProxy */;
		};
		A72F2084299CDC5B0075DFB2 /* PBXTargetDependency */ = {
			isa = PBXTargetDependency;
			target = A72F205E299CDC5B0075DFB2 /* Netflix */;
			targetProxy = A72F2083299CDC5B0075DFB2 /* PBXContainerItemProxy */;
		};
/* End PBXTargetDependency section */

/* Begin PBXVariantGroup section */
		A72F2070299CDC5B0075DFB2 /* LaunchScreen.storyboard */ = {
			isa = PBXVariantGroup;
			children = (
				A72F2071299CDC5B0075DFB2 /* Base */,
			);
			name = LaunchScreen.storyboard;
			sourceTree = "<group>";
		};
/* End PBXVariantGroup section */

/* Begin XCBuildConfiguration section */
		A72F208A299CDC5B0075DFB2 /* Debug */ = {
			isa = XCBuildConfiguration;
			buildSettings = {
				ALWAYS_SEARCH_USER_PATHS = NO;
				CLANG_ANALYZER_NONNULL = YES;
				CLANG_ANALYZER_NUMBER_OBJECT_CONVERSION = YES_AGGRESSIVE;
				CLANG_CXX_LANGUAGE_STANDARD = "gnu++20";
				CLANG_ENABLE_MODULES = YES;
				CLANG_ENABLE_OBJC_ARC = YES;
				CLANG_ENABLE_OBJC_WEAK = YES;
				CLANG_WARN_BLOCK_CAPTURE_AUTORELEASING = YES;
				CLANG_WARN_BOOL_CONVERSION = YES;
				CLANG_WARN_COMMA = YES;
				CLANG_WARN_CONSTANT_CONVERSION = YES;
				CLANG_WARN_DEPRECATED_OBJC_IMPLEMENTATIONS = YES;
				CLANG_WARN_DIRECT_OBJC_ISA_USAGE = YES_ERROR;
				CLANG_WARN_DOCUMENTATION_COMMENTS = YES;
				CLANG_WARN_EMPTY_BODY = YES;
				CLANG_WARN_ENUM_CONVERSION = YES;
				CLANG_WARN_INFINITE_RECURSION = YES;
				CLANG_WARN_INT_CONVERSION = YES;
				CLANG_WARN_NON_LITERAL_NULL_CONVERSION = YES;
				CLANG_WARN_OBJC_IMPLICIT_RETAIN_SELF = YES;
				CLANG_WARN_OBJC_LITERAL_CONVERSION = YES;
				CLANG_WARN_OBJC_ROOT_CLASS = YES_ERROR;
				CLANG_WARN_QUOTED_INCLUDE_IN_FRAMEWORK_HEADER = YES;
				CLANG_WARN_RANGE_LOOP_ANALYSIS = YES;
				CLANG_WARN_STRICT_PROTOTYPES = YES;
				CLANG_WARN_SUSPICIOUS_MOVE = YES;
				CLANG_WARN_UNGUARDED_AVAILABILITY = YES_AGGRESSIVE;
				CLANG_WARN_UNREACHABLE_CODE = YES;
				CLANG_WARN__DUPLICATE_METHOD_MATCH = YES;
				COPY_PHASE_STRIP = NO;
				DEBUG_INFORMATION_FORMAT = dwarf;
				ENABLE_STRICT_OBJC_MSGSEND = YES;
				ENABLE_TESTABILITY = YES;
				GCC_C_LANGUAGE_STANDARD = gnu11;
				GCC_DYNAMIC_NO_PIC = NO;
				GCC_NO_COMMON_BLOCKS = YES;
				GCC_OPTIMIZATION_LEVEL = 0;
				GCC_PREPROCESSOR_DEFINITIONS = (
					"DEBUG=1",
					"$(inherited)",
				);
				GCC_WARN_64_TO_32_BIT_CONVERSION = YES;
				GCC_WARN_ABOUT_RETURN_TYPE = YES_ERROR;
				GCC_WARN_UNDECLARED_SELECTOR = YES;
				GCC_WARN_UNINITIALIZED_AUTOS = YES_AGGRESSIVE;
				GCC_WARN_UNUSED_FUNCTION = YES;
				GCC_WARN_UNUSED_VARIABLE = YES;
				IPHONEOS_DEPLOYMENT_TARGET = 16.2;
				MTL_ENABLE_DEBUG_INFO = INCLUDE_SOURCE;
				MTL_FAST_MATH = YES;
				ONLY_ACTIVE_ARCH = YES;
				SDKROOT = iphoneos;
				SWIFT_ACTIVE_COMPILATION_CONDITIONS = DEBUG;
				SWIFT_OPTIMIZATION_LEVEL = "-Onone";
			};
			name = Debug;
		};
		A72F208B299CDC5B0075DFB2 /* Release */ = {
			isa = XCBuildConfiguration;
			buildSettings = {
				ALWAYS_SEARCH_USER_PATHS = NO;
				CLANG_ANALYZER_NONNULL = YES;
				CLANG_ANALYZER_NUMBER_OBJECT_CONVERSION = YES_AGGRESSIVE;
				CLANG_CXX_LANGUAGE_STANDARD = "gnu++20";
				CLANG_ENABLE_MODULES = YES;
				CLANG_ENABLE_OBJC_ARC = YES;
				CLANG_ENABLE_OBJC_WEAK = YES;
				CLANG_WARN_BLOCK_CAPTURE_AUTORELEASING = YES;
				CLANG_WARN_BOOL_CONVERSION = YES;
				CLANG_WARN_COMMA = YES;
				CLANG_WARN_CONSTANT_CONVERSION = YES;
				CLANG_WARN_DEPRECATED_OBJC_IMPLEMENTATIONS = YES;
				CLANG_WARN_DIRECT_OBJC_ISA_USAGE = YES_ERROR;
				CLANG_WARN_DOCUMENTATION_COMMENTS = YES;
				CLANG_WARN_EMPTY_BODY = YES;
				CLANG_WARN_ENUM_CONVERSION = YES;
				CLANG_WARN_INFINITE_RECURSION = YES;
				CLANG_WARN_INT_CONVERSION = YES;
				CLANG_WARN_NON_LITERAL_NULL_CONVERSION = YES;
				CLANG_WARN_OBJC_IMPLICIT_RETAIN_SELF = YES;
				CLANG_WARN_OBJC_LITERAL_CONVERSION = YES;
				CLANG_WARN_OBJC_ROOT_CLASS = YES_ERROR;
				CLANG_WARN_QUOTED_INCLUDE_IN_FRAMEWORK_HEADER = YES;
				CLANG_WARN_RANGE_LOOP_ANALYSIS = YES;
				CLANG_WARN_STRICT_PROTOTYPES = YES;
				CLANG_WARN_SUSPICIOUS_MOVE = YES;
				CLANG_WARN_UNGUARDED_AVAILABILITY = YES_AGGRESSIVE;
				CLANG_WARN_UNREACHABLE_CODE = YES;
				CLANG_WARN__DUPLICATE_METHOD_MATCH = YES;
				COPY_PHASE_STRIP = NO;
				DEBUG_INFORMATION_FORMAT = "dwarf-with-dsym";
				ENABLE_NS_ASSERTIONS = NO;
				ENABLE_STRICT_OBJC_MSGSEND = YES;
				GCC_C_LANGUAGE_STANDARD = gnu11;
				GCC_NO_COMMON_BLOCKS = YES;
				GCC_WARN_64_TO_32_BIT_CONVERSION = YES;
				GCC_WARN_ABOUT_RETURN_TYPE = YES_ERROR;
				GCC_WARN_UNDECLARED_SELECTOR = YES;
				GCC_WARN_UNINITIALIZED_AUTOS = YES_AGGRESSIVE;
				GCC_WARN_UNUSED_FUNCTION = YES;
				GCC_WARN_UNUSED_VARIABLE = YES;
				IPHONEOS_DEPLOYMENT_TARGET = 16.2;
				MTL_ENABLE_DEBUG_INFO = NO;
				MTL_FAST_MATH = YES;
				SDKROOT = iphoneos;
				SWIFT_COMPILATION_MODE = wholemodule;
				SWIFT_OPTIMIZATION_LEVEL = "-O";
				VALIDATE_PRODUCT = YES;
			};
			name = Release;
		};
		A72F208D299CDC5B0075DFB2 /* Debug */ = {
			isa = XCBuildConfiguration;
			buildSettings = {
				ASSETCATALOG_COMPILER_APPICON_NAME = AppIcon;
				ASSETCATALOG_COMPILER_GLOBAL_ACCENT_COLOR_NAME = AccentColor;
				CODE_SIGN_STYLE = Automatic;
				CURRENT_PROJECT_VERSION = 1;
				DEVELOPMENT_TEAM = 797QNFM93J;
				GENERATE_INFOPLIST_FILE = YES;
				INFOPLIST_FILE = Netflix/Info.plist;
				INFOPLIST_KEY_UIApplicationSupportsIndirectInputEvents = YES;
				INFOPLIST_KEY_UILaunchStoryboardName = LaunchScreen;
				INFOPLIST_KEY_UIMainStoryboardFile = "";
				INFOPLIST_KEY_UISupportedInterfaceOrientations_iPad = "UIInterfaceOrientationPortrait UIInterfaceOrientationPortraitUpsideDown UIInterfaceOrientationLandscapeLeft UIInterfaceOrientationLandscapeRight";
				INFOPLIST_KEY_UISupportedInterfaceOrientations_iPhone = "UIInterfaceOrientationPortrait UIInterfaceOrientationLandscapeLeft UIInterfaceOrientationLandscapeRight";
				LD_RUNPATH_SEARCH_PATHS = (
					"$(inherited)",
					"@executable_path/Frameworks",
				);
				MARKETING_VERSION = 1.0;
				PRODUCT_BUNDLE_IDENTIFIER = com.aslihangurkan.Netflix;
				PRODUCT_NAME = "$(TARGET_NAME)";
				SWIFT_EMIT_LOC_STRINGS = YES;
				SWIFT_VERSION = 5.0;
				TARGETED_DEVICE_FAMILY = "1,2";
			};
			name = Debug;
		};
		A72F208E299CDC5B0075DFB2 /* Release */ = {
			isa = XCBuildConfiguration;
			buildSettings = {
				ASSETCATALOG_COMPILER_APPICON_NAME = AppIcon;
				ASSETCATALOG_COMPILER_GLOBAL_ACCENT_COLOR_NAME = AccentColor;
				CODE_SIGN_STYLE = Automatic;
				CURRENT_PROJECT_VERSION = 1;
				DEVELOPMENT_TEAM = 797QNFM93J;
				GENERATE_INFOPLIST_FILE = YES;
				INFOPLIST_FILE = Netflix/Info.plist;
				INFOPLIST_KEY_UIApplicationSupportsIndirectInputEvents = YES;
				INFOPLIST_KEY_UILaunchStoryboardName = LaunchScreen;
				INFOPLIST_KEY_UIMainStoryboardFile = "";
				INFOPLIST_KEY_UISupportedInterfaceOrientations_iPad = "UIInterfaceOrientationPortrait UIInterfaceOrientationPortraitUpsideDown UIInterfaceOrientationLandscapeLeft UIInterfaceOrientationLandscapeRight";
				INFOPLIST_KEY_UISupportedInterfaceOrientations_iPhone = "UIInterfaceOrientationPortrait UIInterfaceOrientationLandscapeLeft UIInterfaceOrientationLandscapeRight";
				LD_RUNPATH_SEARCH_PATHS = (
					"$(inherited)",
					"@executable_path/Frameworks",
				);
				MARKETING_VERSION = 1.0;
				PRODUCT_BUNDLE_IDENTIFIER = com.aslihangurkan.Netflix;
				PRODUCT_NAME = "$(TARGET_NAME)";
				SWIFT_EMIT_LOC_STRINGS = YES;
				SWIFT_VERSION = 5.0;
				TARGETED_DEVICE_FAMILY = "1,2";
			};
			name = Release;
		};
		A72F2090299CDC5B0075DFB2 /* Debug */ = {
			isa = XCBuildConfiguration;
			buildSettings = {
				ALWAYS_EMBED_SWIFT_STANDARD_LIBRARIES = YES;
				BUNDLE_LOADER = "$(TEST_HOST)";
				CODE_SIGN_STYLE = Automatic;
				CURRENT_PROJECT_VERSION = 1;
				DEVELOPMENT_TEAM = 797QNFM93J;
				GENERATE_INFOPLIST_FILE = YES;
				IPHONEOS_DEPLOYMENT_TARGET = 16.2;
				MARKETING_VERSION = 1.0;
				PRODUCT_BUNDLE_IDENTIFIER = com.aslihangurkan.NetflixTests;
				PRODUCT_NAME = "$(TARGET_NAME)";
				SWIFT_EMIT_LOC_STRINGS = NO;
				SWIFT_VERSION = 5.0;
				TARGETED_DEVICE_FAMILY = "1,2";
				TEST_HOST = "$(BUILT_PRODUCTS_DIR)/Netflix.app/$(BUNDLE_EXECUTABLE_FOLDER_PATH)/Netflix";
			};
			name = Debug;
		};
		A72F2091299CDC5B0075DFB2 /* Release */ = {
			isa = XCBuildConfiguration;
			buildSettings = {
				ALWAYS_EMBED_SWIFT_STANDARD_LIBRARIES = YES;
				BUNDLE_LOADER = "$(TEST_HOST)";
				CODE_SIGN_STYLE = Automatic;
				CURRENT_PROJECT_VERSION = 1;
				DEVELOPMENT_TEAM = 797QNFM93J;
				GENERATE_INFOPLIST_FILE = YES;
				IPHONEOS_DEPLOYMENT_TARGET = 16.2;
				MARKETING_VERSION = 1.0;
				PRODUCT_BUNDLE_IDENTIFIER = com.aslihangurkan.NetflixTests;
				PRODUCT_NAME = "$(TARGET_NAME)";
				SWIFT_EMIT_LOC_STRINGS = NO;
				SWIFT_VERSION = 5.0;
				TARGETED_DEVICE_FAMILY = "1,2";
				TEST_HOST = "$(BUILT_PRODUCTS_DIR)/Netflix.app/$(BUNDLE_EXECUTABLE_FOLDER_PATH)/Netflix";
			};
			name = Release;
		};
		A72F2093299CDC5B0075DFB2 /* Debug */ = {
			isa = XCBuildConfiguration;
			buildSettings = {
				ALWAYS_EMBED_SWIFT_STANDARD_LIBRARIES = YES;
				CODE_SIGN_STYLE = Automatic;
				CURRENT_PROJECT_VERSION = 1;
				DEVELOPMENT_TEAM = 797QNFM93J;
				GENERATE_INFOPLIST_FILE = YES;
				MARKETING_VERSION = 1.0;
				PRODUCT_BUNDLE_IDENTIFIER = com.aslihangurkan.NetflixUITests;
				PRODUCT_NAME = "$(TARGET_NAME)";
				SWIFT_EMIT_LOC_STRINGS = NO;
				SWIFT_VERSION = 5.0;
				TARGETED_DEVICE_FAMILY = "1,2";
				TEST_TARGET_NAME = Netflix;
			};
			name = Debug;
		};
		A72F2094299CDC5B0075DFB2 /* Release */ = {
			isa = XCBuildConfiguration;
			buildSettings = {
				ALWAYS_EMBED_SWIFT_STANDARD_LIBRARIES = YES;
				CODE_SIGN_STYLE = Automatic;
				CURRENT_PROJECT_VERSION = 1;
				DEVELOPMENT_TEAM = 797QNFM93J;
				GENERATE_INFOPLIST_FILE = YES;
				MARKETING_VERSION = 1.0;
				PRODUCT_BUNDLE_IDENTIFIER = com.aslihangurkan.NetflixUITests;
				PRODUCT_NAME = "$(TARGET_NAME)";
				SWIFT_EMIT_LOC_STRINGS = NO;
				SWIFT_VERSION = 5.0;
				TARGETED_DEVICE_FAMILY = "1,2";
				TEST_TARGET_NAME = Netflix;
			};
			name = Release;
		};
/* End XCBuildConfiguration section */

/* Begin XCConfigurationList section */
		A72F205A299CDC5B0075DFB2 /* Build configuration list for PBXProject "Netflix" */ = {
			isa = XCConfigurationList;
			buildConfigurations = (
				A72F208A299CDC5B0075DFB2 /* Debug */,
				A72F208B299CDC5B0075DFB2 /* Release */,
			);
			defaultConfigurationIsVisible = 0;
			defaultConfigurationName = Release;
		};
		A72F208C299CDC5B0075DFB2 /* Build configuration list for PBXNativeTarget "Netflix" */ = {
			isa = XCConfigurationList;
			buildConfigurations = (
				A72F208D299CDC5B0075DFB2 /* Debug */,
				A72F208E299CDC5B0075DFB2 /* Release */,
			);
			defaultConfigurationIsVisible = 0;
			defaultConfigurationName = Release;
		};
		A72F208F299CDC5B0075DFB2 /* Build configuration list for PBXNativeTarget "NetflixTests" */ = {
			isa = XCConfigurationList;
			buildConfigurations = (
				A72F2090299CDC5B0075DFB2 /* Debug */,
				A72F2091299CDC5B0075DFB2 /* Release */,
			);
			defaultConfigurationIsVisible = 0;
			defaultConfigurationName = Release;
		};
		A72F2092299CDC5B0075DFB2 /* Build configuration list for PBXNativeTarget "NetflixUITests" */ = {
			isa = XCConfigurationList;
			buildConfigurations = (
				A72F2093299CDC5B0075DFB2 /* Debug */,
				A72F2094299CDC5B0075DFB2 /* Release */,
			);
			defaultConfigurationIsVisible = 0;
			defaultConfigurationName = Release;
		};
/* End XCConfigurationList section */

/* Begin XCRemoteSwiftPackageReference section */
		A7EA3B4D29A35C1B00C8C38A /* XCRemoteSwiftPackageReference "SDWebImage" */ = {
			isa = XCRemoteSwiftPackageReference;
			repositoryURL = "https://github.com/SDWebImage/SDWebImage.git";
			requirement = {
				kind = upToNextMajorVersion;
				minimumVersion = 5.0.0;
			};
		};
/* End XCRemoteSwiftPackageReference section */

/* Begin XCSwiftPackageProductDependency section */
		A7EA3B4E29A35C1B00C8C38A /* SDWebImage */ = {
			isa = XCSwiftPackageProductDependency;
			package = A7EA3B4D29A35C1B00C8C38A /* XCRemoteSwiftPackageReference "SDWebImage" */;
			productName = SDWebImage;
		};
		A7EA3B5029A35C1B00C8C38A /* SDWebImageMapKit */ = {
			isa = XCSwiftPackageProductDependency;
			package = A7EA3B4D29A35C1B00C8C38A /* XCRemoteSwiftPackageReference "SDWebImage" */;
			productName = SDWebImageMapKit;
		};
/* End XCSwiftPackageProductDependency section */

/* Begin XCVersionGroup section */
		A72F206B299CDC5B0075DFB2 /* Netflix.xcdatamodeld */ = {
			isa = XCVersionGroup;
			children = (
				A72F206C299CDC5B0075DFB2 /* Netflix.xcdatamodel */,
			);
			currentVersion = A72F206C299CDC5B0075DFB2 /* Netflix.xcdatamodel */;
			path = Netflix.xcdatamodeld;
			sourceTree = "<group>";
			versionGroupType = wrapper.xcdatamodel;
		};
/* End XCVersionGroup section */
	};
	rootObject = A72F2057299CDC5B0075DFB2 /* Project object */;
}
